// !$*UTF8*$!
{
	archiveVersion = 1;
	classes = {
	};
	objectVersion = 50;
	objects = {

/* Begin PBXBuildFile section */
		357915DE220482A600A3D97B /* Assets.xcassets in Resources */ = {isa = PBXBuildFile; fileRef = 357915DD220482A600A3D97B /* Assets.xcassets */; };
		357915E1220482A600A3D97B /* LaunchScreen.storyboard in Resources */ = {isa = PBXBuildFile; fileRef = 357915DF220482A600A3D97B /* LaunchScreen.storyboard */; };
		357915FA2204890600A3D97B /* AppDelegate.swift in Sources */ = {isa = PBXBuildFile; fileRef = 357915F92204890600A3D97B /* AppDelegate.swift */; };
		357915FF2204975200A3D97B /* ContentViewController.swift in Sources */ = {isa = PBXBuildFile; fileRef = 357915FD2204975200A3D97B /* ContentViewController.swift */; };
		357916002204975200A3D97B /* ContentViewController.xib in Resources */ = {isa = PBXBuildFile; fileRef = 357915FE2204975200A3D97B /* ContentViewController.xib */; };
		35791605220499A400A3D97B /* ContentViewControllerTests.swift in Sources */ = {isa = PBXBuildFile; fileRef = 35791604220499A400A3D97B /* ContentViewControllerTests.swift */; };
		357916082204A92B00A3D97B /* ContentViewModel.swift in Sources */ = {isa = PBXBuildFile; fileRef = 357916072204A92B00A3D97B /* ContentViewModel.swift */; };
		3579160B2204AA2800A3D97B /* ContentViewModelTests.swift in Sources */ = {isa = PBXBuildFile; fileRef = 3579160A2204AA2800A3D97B /* ContentViewModelTests.swift */; };
		3579160F2204AD3300A3D97B /* ContentCell.swift in Sources */ = {isa = PBXBuildFile; fileRef = 3579160D2204AD3300A3D97B /* ContentCell.swift */; };
		357916102204AD3300A3D97B /* ContentCell.xib in Resources */ = {isa = PBXBuildFile; fileRef = 3579160E2204AD3300A3D97B /* ContentCell.xib */; };
		357916142204AE4D00A3D97B /* UICollectionViewCellExtensions.swift in Sources */ = {isa = PBXBuildFile; fileRef = 357916132204AE4D00A3D97B /* UICollectionViewCellExtensions.swift */; };
/* End PBXBuildFile section */

/* Begin PBXContainerItemProxy section */
		357915E8220482A600A3D97B /* PBXContainerItemProxy */ = {
			isa = PBXContainerItemProxy;
			containerPortal = 357915CB220482A500A3D97B /* Project object */;
			proxyType = 1;
			remoteGlobalIDString = 357915D2220482A500A3D97B;
			remoteInfo = PulseMia;
		};
/* End PBXContainerItemProxy section */

/* Begin PBXFileReference section */
		357915D3220482A500A3D97B /* PulseMia.app */ = {isa = PBXFileReference; explicitFileType = wrapper.application; includeInIndex = 0; path = PulseMia.app; sourceTree = BUILT_PRODUCTS_DIR; };
		357915DD220482A600A3D97B /* Assets.xcassets */ = {isa = PBXFileReference; lastKnownFileType = folder.assetcatalog; path = Assets.xcassets; sourceTree = "<group>"; };
		357915E0220482A600A3D97B /* Base */ = {isa = PBXFileReference; lastKnownFileType = file.storyboard; name = Base; path = Base.lproj/LaunchScreen.storyboard; sourceTree = "<group>"; };
		357915E2220482A600A3D97B /* Info.plist */ = {isa = PBXFileReference; lastKnownFileType = text.plist.xml; path = Info.plist; sourceTree = "<group>"; };
		357915E7220482A600A3D97B /* PulseMiaTests.xctest */ = {isa = PBXFileReference; explicitFileType = wrapper.cfbundle; includeInIndex = 0; path = PulseMiaTests.xctest; sourceTree = BUILT_PRODUCTS_DIR; };
		357915ED220482A600A3D97B /* Info.plist */ = {isa = PBXFileReference; lastKnownFileType = text.plist.xml; path = Info.plist; sourceTree = "<group>"; };
		357915F92204890600A3D97B /* AppDelegate.swift */ = {isa = PBXFileReference; lastKnownFileType = sourcecode.swift; path = AppDelegate.swift; sourceTree = "<group>"; };
		357915FD2204975200A3D97B /* ContentViewController.swift */ = {isa = PBXFileReference; lastKnownFileType = sourcecode.swift; path = ContentViewController.swift; sourceTree = "<group>"; };
		357915FE2204975200A3D97B /* ContentViewController.xib */ = {isa = PBXFileReference; lastKnownFileType = file.xib; path = ContentViewController.xib; sourceTree = "<group>"; };
		35791604220499A400A3D97B /* ContentViewControllerTests.swift */ = {isa = PBXFileReference; lastKnownFileType = sourcecode.swift; path = ContentViewControllerTests.swift; sourceTree = "<group>"; };
		357916072204A92B00A3D97B /* ContentViewModel.swift */ = {isa = PBXFileReference; lastKnownFileType = sourcecode.swift; path = ContentViewModel.swift; sourceTree = "<group>"; };
		3579160A2204AA2800A3D97B /* ContentViewModelTests.swift */ = {isa = PBXFileReference; lastKnownFileType = sourcecode.swift; path = ContentViewModelTests.swift; sourceTree = "<group>"; };
		3579160D2204AD3300A3D97B /* ContentCell.swift */ = {isa = PBXFileReference; lastKnownFileType = sourcecode.swift; path = ContentCell.swift; sourceTree = "<group>"; };
		3579160E2204AD3300A3D97B /* ContentCell.xib */ = {isa = PBXFileReference; lastKnownFileType = file.xib; path = ContentCell.xib; sourceTree = "<group>"; };
		357916132204AE4D00A3D97B /* UICollectionViewCellExtensions.swift */ = {isa = PBXFileReference; lastKnownFileType = sourcecode.swift; path = UICollectionViewCellExtensions.swift; sourceTree = "<group>"; };
/* End PBXFileReference section */

/* Begin PBXFrameworksBuildPhase section */
		357915D0220482A500A3D97B /* Frameworks */ = {
			isa = PBXFrameworksBuildPhase;
			buildActionMask = 2147483647;
			files = (
			);
			runOnlyForDeploymentPostprocessing = 0;
		};
		357915E4220482A600A3D97B /* Frameworks */ = {
			isa = PBXFrameworksBuildPhase;
			buildActionMask = 2147483647;
			files = (
			);
			runOnlyForDeploymentPostprocessing = 0;
		};
/* End PBXFrameworksBuildPhase section */

/* Begin PBXGroup section */
		357915CA220482A500A3D97B = {
			isa = PBXGroup;
			children = (
				357915D5220482A500A3D97B /* PulseMia */,
				357915EA220482A600A3D97B /* PulseMiaTests */,
				357915D4220482A500A3D97B /* Products */,
			);
			sourceTree = "<group>";
		};
		357915D4220482A500A3D97B /* Products */ = {
			isa = PBXGroup;
			children = (
				357915D3220482A500A3D97B /* PulseMia.app */,
				357915E7220482A600A3D97B /* PulseMiaTests.xctest */,
			);
			name = Products;
			sourceTree = "<group>";
		};
		357915D5220482A500A3D97B /* PulseMia */ = {
			isa = PBXGroup;
			children = (
				357916112204AE0A00A3D97B /* Common */,
				357915F7220488D600A3D97B /* Module */,
				357915F62204889700A3D97B /* Resource */,
			);
			path = PulseMia;
			sourceTree = "<group>";
		};
		357915EA220482A600A3D97B /* PulseMiaTests */ = {
			isa = PBXGroup;
			children = (
				357916012204994D00A3D97B /* Module */,
				357915ED220482A600A3D97B /* Info.plist */,
			);
			path = PulseMiaTests;
			sourceTree = "<group>";
		};
		357915F62204889700A3D97B /* Resource */ = {
			isa = PBXGroup;
			children = (
				357915DD220482A600A3D97B /* Assets.xcassets */,
				357915DF220482A600A3D97B /* LaunchScreen.storyboard */,
				357915E2220482A600A3D97B /* Info.plist */,
			);
			path = Resource;
			sourceTree = "<group>";
		};
		357915F7220488D600A3D97B /* Module */ = {
			isa = PBXGroup;
			children = (
				357915FB2204958000A3D97B /* Content */,
				357915F8220488DC00A3D97B /* AppDelegate */,
			);
			path = Module;
			sourceTree = "<group>";
		};
		357915F8220488DC00A3D97B /* AppDelegate */ = {
			isa = PBXGroup;
			children = (
				357915F92204890600A3D97B /* AppDelegate.swift */,
			);
			path = AppDelegate;
			sourceTree = "<group>";
		};
		357915FB2204958000A3D97B /* Content */ = {
			isa = PBXGroup;
			children = (
				357916062204A91500A3D97B /* ViewModel */,
				357915FC2204971900A3D97B /* View */,
			);
			path = Content;
			sourceTree = "<group>";
		};
		357915FC2204971900A3D97B /* View */ = {
			isa = PBXGroup;
			children = (
				3579160C2204AD0600A3D97B /* Cell */,
				357915FD2204975200A3D97B /* ContentViewController.swift */,
				357915FE2204975200A3D97B /* ContentViewController.xib */,
			);
			path = View;
			sourceTree = "<group>";
		};
		357916012204994D00A3D97B /* Module */ = {
			isa = PBXGroup;
			children = (
				357916022204995500A3D97B /* Content */,
			);
			path = Module;
			sourceTree = "<group>";
		};
		357916022204995500A3D97B /* Content */ = {
			isa = PBXGroup;
			children = (
				357916092204AA1200A3D97B /* ViewModel */,
				357916032204997600A3D97B /* View */,
			);
			path = Content;
			sourceTree = "<group>";
		};
		357916032204997600A3D97B /* View */ = {
			isa = PBXGroup;
			children = (
				35791604220499A400A3D97B /* ContentViewControllerTests.swift */,
			);
			path = View;
			sourceTree = "<group>";
		};
		357916062204A91500A3D97B /* ViewModel */ = {
			isa = PBXGroup;
			children = (
				357916072204A92B00A3D97B /* ContentViewModel.swift */,
			);
			path = ViewModel;
			sourceTree = "<group>";
		};
		357916092204AA1200A3D97B /* ViewModel */ = {
			isa = PBXGroup;
			children = (
				3579160A2204AA2800A3D97B /* ContentViewModelTests.swift */,
			);
			path = ViewModel;
			sourceTree = "<group>";
		};
		3579160C2204AD0600A3D97B /* Cell */ = {
			isa = PBXGroup;
			children = (
				3579160D2204AD3300A3D97B /* ContentCell.swift */,
				3579160E2204AD3300A3D97B /* ContentCell.xib */,
			);
			path = Cell;
			sourceTree = "<group>";
		};
		357916112204AE0A00A3D97B /* Common */ = {
			isa = PBXGroup;
			children = (
				357916122204AE2200A3D97B /* Extension */,
			);
			path = Common;
			sourceTree = "<group>";
		};
		357916122204AE2200A3D97B /* Extension */ = {
			isa = PBXGroup;
			children = (
				357916132204AE4D00A3D97B /* UICollectionViewCellExtensions.swift */,
			);
			path = Extension;
			sourceTree = "<group>";
		};
/* End PBXGroup section */

/* Begin PBXNativeTarget section */
		357915D2220482A500A3D97B /* PulseMia */ = {
			isa = PBXNativeTarget;
			buildConfigurationList = 357915F0220482A600A3D97B /* Build configuration list for PBXNativeTarget "PulseMia" */;
			buildPhases = (
				357915CF220482A500A3D97B /* Sources */,
				357915D0220482A500A3D97B /* Frameworks */,
				357915D1220482A500A3D97B /* Resources */,
			);
			buildRules = (
			);
			dependencies = (
			);
			name = PulseMia;
			productName = PulseMia;
			productReference = 357915D3220482A500A3D97B /* PulseMia.app */;
			productType = "com.apple.product-type.application";
		};
		357915E6220482A600A3D97B /* PulseMiaTests */ = {
			isa = PBXNativeTarget;
			buildConfigurationList = 357915F3220482A600A3D97B /* Build configuration list for PBXNativeTarget "PulseMiaTests" */;
			buildPhases = (
				357915E3220482A600A3D97B /* Sources */,
				357915E4220482A600A3D97B /* Frameworks */,
				357915E5220482A600A3D97B /* Resources */,
			);
			buildRules = (
			);
			dependencies = (
				357915E9220482A600A3D97B /* PBXTargetDependency */,
			);
			name = PulseMiaTests;
			productName = PulseMiaTests;
			productReference = 357915E7220482A600A3D97B /* PulseMiaTests.xctest */;
			productType = "com.apple.product-type.bundle.unit-test";
		};
/* End PBXNativeTarget section */

/* Begin PBXProject section */
		357915CB220482A500A3D97B /* Project object */ = {
			isa = PBXProject;
			attributes = {
				LastSwiftUpdateCheck = 0940;
				LastUpgradeCheck = 0940;
				ORGANIZATIONNAME = "Gokhan Isiker";
				TargetAttributes = {
					357915D2220482A500A3D97B = {
						CreatedOnToolsVersion = 9.4.1;
						LastSwiftMigration = 0940;
					};
					357915E6220482A600A3D97B = {
						CreatedOnToolsVersion = 9.4.1;
						LastSwiftMigration = 0940;
						TestTargetID = 357915D2220482A500A3D97B;
					};
				};
			};
			buildConfigurationList = 357915CE220482A500A3D97B /* Build configuration list for PBXProject "PulseMia" */;
			compatibilityVersion = "Xcode 9.3";
			developmentRegion = en;
			hasScannedForEncodings = 0;
			knownRegions = (
				en,
				Base,
			);
			mainGroup = 357915CA220482A500A3D97B;
			productRefGroup = 357915D4220482A500A3D97B /* Products */;
			projectDirPath = "";
			projectRoot = "";
			targets = (
				357915D2220482A500A3D97B /* PulseMia */,
				357915E6220482A600A3D97B /* PulseMiaTests */,
			);
		};
/* End PBXProject section */

/* Begin PBXResourcesBuildPhase section */
		357915D1220482A500A3D97B /* Resources */ = {
			isa = PBXResourcesBuildPhase;
			buildActionMask = 2147483647;
			files = (
				357915E1220482A600A3D97B /* LaunchScreen.storyboard in Resources */,
				357915DE220482A600A3D97B /* Assets.xcassets in Resources */,
				357916002204975200A3D97B /* ContentViewController.xib in Resources */,
				357916102204AD3300A3D97B /* ContentCell.xib in Resources */,
			);
			runOnlyForDeploymentPostprocessing = 0;
		};
		357915E5220482A600A3D97B /* Resources */ = {
			isa = PBXResourcesBuildPhase;
			buildActionMask = 2147483647;
			files = (
			);
			runOnlyForDeploymentPostprocessing = 0;
		};
/* End PBXResourcesBuildPhase section */

/* Begin PBXSourcesBuildPhase section */
		357915CF220482A500A3D97B /* Sources */ = {
			isa = PBXSourcesBuildPhase;
			buildActionMask = 2147483647;
			files = (
				357915FF2204975200A3D97B /* ContentViewController.swift in Sources */,
				357915FA2204890600A3D97B /* AppDelegate.swift in Sources */,
				357916082204A92B00A3D97B /* ContentViewModel.swift in Sources */,
				3579160F2204AD3300A3D97B /* ContentCell.swift in Sources */,
				357916142204AE4D00A3D97B /* UICollectionViewCellExtensions.swift in Sources */,
			);
			runOnlyForDeploymentPostprocessing = 0;
		};
		357915E3220482A600A3D97B /* Sources */ = {
			isa = PBXSourcesBuildPhase;
			buildActionMask = 2147483647;
			files = (
				3579160B2204AA2800A3D97B /* ContentViewModelTests.swift in Sources */,
				35791605220499A400A3D97B /* ContentViewControllerTests.swift in Sources */,
			);
			runOnlyForDeploymentPostprocessing = 0;
		};
/* End PBXSourcesBuildPhase section */

/* Begin PBXTargetDependency section */
		357915E9220482A600A3D97B /* PBXTargetDependency */ = {
			isa = PBXTargetDependency;
			target = 357915D2220482A500A3D97B /* PulseMia */;
			targetProxy = 357915E8220482A600A3D97B /* PBXContainerItemProxy */;
		};
/* End PBXTargetDependency section */

/* Begin PBXVariantGroup section */
		357915DF220482A600A3D97B /* LaunchScreen.storyboard */ = {
			isa = PBXVariantGroup;
			children = (
				357915E0220482A600A3D97B /* Base */,
			);
			name = LaunchScreen.storyboard;
			sourceTree = "<group>";
		};
/* End PBXVariantGroup section */

/* Begin XCBuildConfiguration section */
		357915EE220482A600A3D97B /* Debug */ = {
			isa = XCBuildConfiguration;
			buildSettings = {
				ALWAYS_SEARCH_USER_PATHS = NO;
				CLANG_ANALYZER_NONNULL = YES;
				CLANG_ANALYZER_NUMBER_OBJECT_CONVERSION = YES_AGGRESSIVE;
				CLANG_CXX_LANGUAGE_STANDARD = "gnu++14";
				CLANG_CXX_LIBRARY = "libc++";
				CLANG_ENABLE_MODULES = YES;
				CLANG_ENABLE_OBJC_ARC = YES;
				CLANG_ENABLE_OBJC_WEAK = YES;
				CLANG_WARN_BLOCK_CAPTURE_AUTORELEASING = YES;
				CLANG_WARN_BOOL_CONVERSION = YES;
				CLANG_WARN_COMMA = YES;
				CLANG_WARN_CONSTANT_CONVERSION = YES;
				CLANG_WARN_DEPRECATED_OBJC_IMPLEMENTATIONS = YES;
				CLANG_WARN_DIRECT_OBJC_ISA_USAGE = YES_ERROR;
				CLANG_WARN_DOCUMENTATION_COMMENTS = YES;
				CLANG_WARN_EMPTY_BODY = YES;
				CLANG_WARN_ENUM_CONVERSION = YES;
				CLANG_WARN_INFINITE_RECURSION = YES;
				CLANG_WARN_INT_CONVERSION = YES;
				CLANG_WARN_NON_LITERAL_NULL_CONVERSION = YES;
				CLANG_WARN_OBJC_IMPLICIT_RETAIN_SELF = YES;
				CLANG_WARN_OBJC_LITERAL_CONVERSION = YES;
				CLANG_WARN_OBJC_ROOT_CLASS = YES_ERROR;
				CLANG_WARN_RANGE_LOOP_ANALYSIS = YES;
				CLANG_WARN_STRICT_PROTOTYPES = YES;
				CLANG_WARN_SUSPICIOUS_MOVE = YES;
				CLANG_WARN_UNGUARDED_AVAILABILITY = YES_AGGRESSIVE;
				CLANG_WARN_UNREACHABLE_CODE = YES;
				CLANG_WARN__DUPLICATE_METHOD_MATCH = YES;
				CODE_SIGN_IDENTITY = "iPhone Developer";
				COPY_PHASE_STRIP = NO;
				DEBUG_INFORMATION_FORMAT = dwarf;
				ENABLE_STRICT_OBJC_MSGSEND = YES;
				ENABLE_TESTABILITY = YES;
				GCC_C_LANGUAGE_STANDARD = gnu11;
				GCC_DYNAMIC_NO_PIC = NO;
				GCC_NO_COMMON_BLOCKS = YES;
				GCC_OPTIMIZATION_LEVEL = 0;
				GCC_PREPROCESSOR_DEFINITIONS = (
					"DEBUG=1",
					"$(inherited)",
				);
				GCC_WARN_64_TO_32_BIT_CONVERSION = YES;
				GCC_WARN_ABOUT_RETURN_TYPE = YES_ERROR;
				GCC_WARN_UNDECLARED_SELECTOR = YES;
				GCC_WARN_UNINITIALIZED_AUTOS = YES_AGGRESSIVE;
				GCC_WARN_UNUSED_FUNCTION = YES;
				GCC_WARN_UNUSED_VARIABLE = YES;
				IPHONEOS_DEPLOYMENT_TARGET = 8.0;
				MTL_ENABLE_DEBUG_INFO = YES;
				ONLY_ACTIVE_ARCH = YES;
				SDKROOT = iphoneos;
				SWIFT_ACTIVE_COMPILATION_CONDITIONS = DEBUG;
				SWIFT_OPTIMIZATION_LEVEL = "-Onone";
				SWIFT_VERSION = 4.0;
			};
			name = Debug;
		};
		357915EF220482A600A3D97B /* Release */ = {
			isa = XCBuildConfiguration;
			buildSettings = {
				ALWAYS_SEARCH_USER_PATHS = NO;
				CLANG_ANALYZER_NONNULL = YES;
				CLANG_ANALYZER_NUMBER_OBJECT_CONVERSION = YES_AGGRESSIVE;
				CLANG_CXX_LANGUAGE_STANDARD = "gnu++14";
				CLANG_CXX_LIBRARY = "libc++";
				CLANG_ENABLE_MODULES = YES;
				CLANG_ENABLE_OBJC_ARC = YES;
				CLANG_ENABLE_OBJC_WEAK = YES;
				CLANG_WARN_BLOCK_CAPTURE_AUTORELEASING = YES;
				CLANG_WARN_BOOL_CONVERSION = YES;
				CLANG_WARN_COMMA = YES;
				CLANG_WARN_CONSTANT_CONVERSION = YES;
				CLANG_WARN_DEPRECATED_OBJC_IMPLEMENTATIONS = YES;
				CLANG_WARN_DIRECT_OBJC_ISA_USAGE = YES_ERROR;
				CLANG_WARN_DOCUMENTATION_COMMENTS = YES;
				CLANG_WARN_EMPTY_BODY = YES;
				CLANG_WARN_ENUM_CONVERSION = YES;
				CLANG_WARN_INFINITE_RECURSION = YES;
				CLANG_WARN_INT_CONVERSION = YES;
				CLANG_WARN_NON_LITERAL_NULL_CONVERSION = YES;
				CLANG_WARN_OBJC_IMPLICIT_RETAIN_SELF = YES;
				CLANG_WARN_OBJC_LITERAL_CONVERSION = YES;
				CLANG_WARN_OBJC_ROOT_CLASS = YES_ERROR;
				CLANG_WARN_RANGE_LOOP_ANALYSIS = YES;
				CLANG_WARN_STRICT_PROTOTYPES = YES;
				CLANG_WARN_SUSPICIOUS_MOVE = YES;
				CLANG_WARN_UNGUARDED_AVAILABILITY = YES_AGGRESSIVE;
				CLANG_WARN_UNREACHABLE_CODE = YES;
				CLANG_WARN__DUPLICATE_METHOD_MATCH = YES;
				CODE_SIGN_IDENTITY = "iPhone Developer";
				COPY_PHASE_STRIP = NO;
				DEBUG_INFORMATION_FORMAT = "dwarf-with-dsym";
				ENABLE_NS_ASSERTIONS = NO;
				ENABLE_STRICT_OBJC_MSGSEND = YES;
				GCC_C_LANGUAGE_STANDARD = gnu11;
				GCC_NO_COMMON_BLOCKS = YES;
				GCC_WARN_64_TO_32_BIT_CONVERSION = YES;
				GCC_WARN_ABOUT_RETURN_TYPE = YES_ERROR;
				GCC_WARN_UNDECLARED_SELECTOR = YES;
				GCC_WARN_UNINITIALIZED_AUTOS = YES_AGGRESSIVE;
				GCC_WARN_UNUSED_FUNCTION = YES;
				GCC_WARN_UNUSED_VARIABLE = YES;
				IPHONEOS_DEPLOYMENT_TARGET = 8.0;
				MTL_ENABLE_DEBUG_INFO = NO;
				SDKROOT = iphoneos;
				SWIFT_COMPILATION_MODE = wholemodule;
				SWIFT_OPTIMIZATION_LEVEL = "-O";
				SWIFT_VERSION = 4.0;
				VALIDATE_PRODUCT = YES;
			};
			name = Release;
		};
		357915F1220482A600A3D97B /* Debug */ = {
			isa = XCBuildConfiguration;
			buildSettings = {
				ASSETCATALOG_COMPILER_APPICON_NAME = AppIcon;
				CLANG_ENABLE_MODULES = YES;
				CODE_SIGN_STYLE = Automatic;
				DEVELOPMENT_TEAM = FB54U2F37R;
				INFOPLIST_FILE = "$(SRCROOT)/PulseMia/Resource/Info.plist";
				IPHONEOS_DEPLOYMENT_TARGET = 8.0;
				LD_RUNPATH_SEARCH_PATHS = (
					"$(inherited)",
					"@executable_path/Frameworks",
				);
				PRODUCT_BUNDLE_IDENTIFIER = tech.miapp.PulseMia;
				PRODUCT_NAME = "$(TARGET_NAME)";
				SWIFT_OPTIMIZATION_LEVEL = "-Onone";
				SWIFT_VERSION = 4.0;
				TARGETED_DEVICE_FAMILY = "1,2";
			};
			name = Debug;
		};
		357915F2220482A600A3D97B /* Release */ = {
			isa = XCBuildConfiguration;
			buildSettings = {
				ASSETCATALOG_COMPILER_APPICON_NAME = AppIcon;
				CLANG_ENABLE_MODULES = YES;
				CODE_SIGN_STYLE = Automatic;
				DEVELOPMENT_TEAM = FB54U2F37R;
				INFOPLIST_FILE = "$(SRCROOT)/PulseMia/Resource/Info.plist";
				IPHONEOS_DEPLOYMENT_TARGET = 8.0;
				LD_RUNPATH_SEARCH_PATHS = (
					"$(inherited)",
					"@executable_path/Frameworks",
				);
				PRODUCT_BUNDLE_IDENTIFIER = tech.miapp.PulseMia;
				PRODUCT_NAME = "$(TARGET_NAME)";
				SWIFT_VERSION = 4.0;
				TARGETED_DEVICE_FAMILY = "1,2";
			};
			name = Release;
		};
		357915F4220482A600A3D97B /* Debug */ = {
			isa = XCBuildConfiguration;
			buildSettings = {
				ALWAYS_EMBED_SWIFT_STANDARD_LIBRARIES = YES;
				BUNDLE_LOADER = "$(TEST_HOST)";
				CLANG_ENABLE_MODULES = YES;
				CODE_SIGN_STYLE = Automatic;
				DEVELOPMENT_TEAM = FB54U2F37R;
				INFOPLIST_FILE = PulseMiaTests/Info.plist;
				LD_RUNPATH_SEARCH_PATHS = (
					"$(inherited)",
					"@executable_path/Frameworks",
					"@loader_path/Frameworks",
				);
				PRODUCT_BUNDLE_IDENTIFIER = tech.miapp.PulseMiaTests;
				PRODUCT_NAME = "$(TARGET_NAME)";
				SWIFT_OPTIMIZATION_LEVEL = "-Onone";
				SWIFT_VERSION = 4.0;
				TARGETED_DEVICE_FAMILY = "1,2";
				TEST_HOST = "$(BUILT_PRODUCTS_DIR)/PulseMia.app/PulseMia";
			};
			name = Debug;
		};
		357915F5220482A600A3D97B /* Release */ = {
			isa = XCBuildConfiguration;
			buildSettings = {
				ALWAYS_EMBED_SWIFT_STANDARD_LIBRARIES = YES;
				BUNDLE_LOADER = "$(TEST_HOST)";
				CLANG_ENABLE_MODULES = YES;
				CODE_SIGN_STYLE = Automatic;
				DEVELOPMENT_TEAM = FB54U2F37R;
				INFOPLIST_FILE = PulseMiaTests/Info.plist;
				LD_RUNPATH_SEARCH_PATHS = (
					"$(inherited)",
					"@executable_path/Frameworks",
					"@loader_path/Frameworks",
				);
				PRODUCT_BUNDLE_IDENTIFIER = tech.miapp.PulseMiaTests;
				PRODUCT_NAME = "$(TARGET_NAME)";
				SWIFT_VERSION = 4.0;
				TARGETED_DEVICE_FAMILY = "1,2";
				TEST_HOST = "$(BUILT_PRODUCTS_DIR)/PulseMia.app/PulseMia";
			};
			name = Release;
		};
/* End XCBuildConfiguration section */

/* Begin XCConfigurationList section */
		357915CE220482A500A3D97B /* Build configuration list for PBXProject "PulseMia" */ = {
			isa = XCConfigurationList;
			buildConfigurations = (
				357915EE220482A600A3D97B /* Debug */,
				357915EF220482A600A3D97B /* Release */,
			);
			defaultConfigurationIsVisible = 0;
			defaultConfigurationName = Release;
		};
		357915F0220482A600A3D97B /* Build configuration list for PBXNativeTarget "PulseMia" */ = {
			isa = XCConfigurationList;
			buildConfigurations = (
				357915F1220482A600A3D97B /* Debug */,
				357915F2220482A600A3D97B /* Release */,
			);
			defaultConfigurationIsVisible = 0;
			defaultConfigurationName = Release;
		};
		357915F3220482A600A3D97B /* Build configuration list for PBXNativeTarget "PulseMiaTests" */ = {
			isa = XCConfigurationList;
			buildConfigurations = (
				357915F4220482A600A3D97B /* Debug */,
				357915F5220482A600A3D97B /* Release */,
			);
			defaultConfigurationIsVisible = 0;
			defaultConfigurationName = Release;
		};
/* End XCConfigurationList section */
	};
	rootObject = 357915CB220482A500A3D97B /* Project object */;
}
